
Microsoft Visual Studio Solution File, Format Version 12.00
# Visual Studio Version 17
VisualStudioVersion = 17.0.32802.463
MinimumVisualStudioVersion = 10.0.40219.1
Project("{9A19103F-16F7-4668-BE54-9A1E7A4F7556}") = "Creational.Factory", "Creational.Factory\Creational.Factory.csproj", "{0DFE07C1-0381-47C5-8022-1A53BA17D320}"
EndProject
Project("{9A19103F-16F7-4668-BE54-9A1E7A4F7556}") = "Creational.Singleton", "Creational.Singleton\Creational.Singleton.csproj", "{EFC857D9-792C-4718-8427-D7361DF86EDB}"
EndProject
Project("{9A19103F-16F7-4668-BE54-9A1E7A4F7556}") = "Creational.AbstractFactory", "Creational.AbstractFactory\Creational.AbstractFactory.csproj", "{5F098922-DA85-43A7-B72E-94117F28F2F8}"
EndProject
Project("{9A19103F-16F7-4668-BE54-9A1E7A4F7556}") = "Creational.Builder", "Creational.Builder\Creational.Builder.csproj", "{8FFE55A1-C5D4-4E79-87CF-EE9308475126}"
EndProject
Project("{9A19103F-16F7-4668-BE54-9A1E7A4F7556}") = "Creational.Prototype", "Creational.Prototype\Creational.Prototype.csproj", "{37B286C9-1CAA-4C6F-8D0F-60B3C81D2989}"
EndProject
Project("{9A19103F-16F7-4668-BE54-9A1E7A4F7556}") = "Structural.Adapter", "Structural.Adapter\Structural.Adapter.csproj", "{5D27B93F-CE8B-4A5F-8CC5-AF51F85D5149}"
EndProject
Project("{9A19103F-16F7-4668-BE54-9A1E7A4F7556}") = "Behavioural.Mediator", "Behavioural.Mediator\Behavioural.Mediator.csproj", "{1E903A07-551A-4703-AECE-3C5E468DB91E}"
EndProject
Project("{9A19103F-16F7-4668-BE54-9A1E7A4F7556}") = "Behavioural.StrategyPattern", "Behavioural.StrategyPattern\Behavioural.StrategyPattern.csproj", "{C73BF110-5103-4C73-BA92-9970A68FAF8A}"
EndProject
Project("{9A19103F-16F7-4668-BE54-9A1E7A4F7556}") = "Structural.Composite", "Structural.Composite\Structural.Composite.csproj", "{F4FFC496-9F99-4463-8E15-75AF007B881A}"
EndProject
Project("{9A19103F-16F7-4668-BE54-9A1E7A4F7556}") = "Structural.Proxy", "Structural.Proxy\Structural.Proxy.csproj", "{DFD66D18-AAF4-473C-86A9-63A4D0C74BF9}"
EndProject
Project("{9A19103F-16F7-4668-BE54-9A1E7A4F7556}") = "Structural.Flyweight", "Structural.Flyweight\Structural.Flyweight.csproj", "{01A077CE-D1A7-4F03-9C8E-B73404F10745}"
EndProject
Project("{9A19103F-16F7-4668-BE54-9A1E7A4F7556}") = "Structural.Facade", "Structural.Facade\Structural.Facade.csproj", "{418CD793-1715-49EE-8AF4-C9458D4FB258}"
EndProject
Project("{9A19103F-16F7-4668-BE54-9A1E7A4F7556}") = "Structural.Builder", "Structural.Builder\Structural.Builder.csproj", "{0FFA1EE1-B104-404E-A657-1D6BA5E293B0}"
EndProject
Project("{9A19103F-16F7-4668-BE54-9A1E7A4F7556}") = "Structural.Decorator", "Structural.Decorator\Structural.Decorator.csproj", "{F25835E8-F7C2-4E03-8165-928FF036BFF5}"
EndProject
Project("{9A19103F-16F7-4668-BE54-9A1E7A4F7556}") = "Behavioural.TemplateMethod", "Behavioural.TemplateMethod\Behavioural.TemplateMethod.csproj", "{CC5FB050-134F-4E84-AEE2-4E752154A24B}"
EndProject
Project("{9A19103F-16F7-4668-BE54-9A1E7A4F7556}") = "Behavioural.ChainOfResponsibility", "Behavioural.ChainOfResponsibility\Behavioural.ChainOfResponsibility.csproj", "{ED89725A-B590-493F-A1D9-C1DD107718FB}"
EndProject
Project("{9A19103F-16F7-4668-BE54-9A1E7A4F7556}") = "Behavioural.Observer", "Behavioural.Observer\Behavioural.Observer.csproj", "{92D9CC72-24BE-49ED-A76B-CE2C78388B05}"
EndProject
Project("{9A19103F-16F7-4668-BE54-9A1E7A4F7556}") = "Behavioural.Command", "Behavioural.Command\Behavioural.Command.csproj", "{C5272E05-7EBC-49C0-8418-97A43BB28E4B}"
EndProject
Project("{9A19103F-16F7-4668-BE54-9A1E7A4F7556}") = "Behavioural.State", "Behavioural.State\Behavioural.State.csproj", "{3B570F82-D36E-47C2-9849-C705913AA6F6}"
EndProject
Project("{FAE04EC0-301F-11D3-BF4B-00C04F79EFBC}") = "Behavioural.Visitor", "Behavioural.Visitor\Behavioural.Visitor.csproj", "{3CFAD21B-C561-4FBB-9952-381771F1AD15}"
EndProject
Global
	GlobalSection(SolutionConfigurationPlatforms) = preSolution
		Debug|Any CPU = Debug|Any CPU
		Release|Any CPU = Release|Any CPU
	EndGlobalSection
	GlobalSection(ProjectConfigurationPlatforms) = postSolution
		{0DFE07C1-0381-47C5-8022-1A53BA17D320}.Debug|Any CPU.ActiveCfg = Debug|Any CPU
		{0DFE07C1-0381-47C5-8022-1A53BA17D320}.Debug|Any CPU.Build.0 = Debug|Any CPU
		{0DFE07C1-0381-47C5-8022-1A53BA17D320}.Release|Any CPU.ActiveCfg = Release|Any CPU
		{0DFE07C1-0381-47C5-8022-1A53BA17D320}.Release|Any CPU.Build.0 = Release|Any CPU
		{EFC857D9-792C-4718-8427-D7361DF86EDB}.Debug|Any CPU.ActiveCfg = Debug|Any CPU
		{EFC857D9-792C-4718-8427-D7361DF86EDB}.Debug|Any CPU.Build.0 = Debug|Any CPU
		{EFC857D9-792C-4718-8427-D7361DF86EDB}.Release|Any CPU.ActiveCfg = Release|Any CPU
		{EFC857D9-792C-4718-8427-D7361DF86EDB}.Release|Any CPU.Build.0 = Release|Any CPU
		{5F098922-DA85-43A7-B72E-94117F28F2F8}.Debug|Any CPU.ActiveCfg = Debug|Any CPU
		{5F098922-DA85-43A7-B72E-94117F28F2F8}.Debug|Any CPU.Build.0 = Debug|Any CPU
		{5F098922-DA85-43A7-B72E-94117F28F2F8}.Release|Any CPU.ActiveCfg = Release|Any CPU
		{5F098922-DA85-43A7-B72E-94117F28F2F8}.Release|Any CPU.Build.0 = Release|Any CPU
		{8FFE55A1-C5D4-4E79-87CF-EE9308475126}.Debug|Any CPU.ActiveCfg = Debug|Any CPU
		{8FFE55A1-C5D4-4E79-87CF-EE9308475126}.Debug|Any CPU.Build.0 = Debug|Any CPU
		{8FFE55A1-C5D4-4E79-87CF-EE9308475126}.Release|Any CPU.ActiveCfg = Release|Any CPU
		{8FFE55A1-C5D4-4E79-87CF-EE9308475126}.Release|Any CPU.Build.0 = Release|Any CPU
		{37B286C9-1CAA-4C6F-8D0F-60B3C81D2989}.Debug|Any CPU.ActiveCfg = Debug|Any CPU
		{37B286C9-1CAA-4C6F-8D0F-60B3C81D2989}.Debug|Any CPU.Build.0 = Debug|Any CPU
		{37B286C9-1CAA-4C6F-8D0F-60B3C81D2989}.Release|Any CPU.ActiveCfg = Release|Any CPU
		{37B286C9-1CAA-4C6F-8D0F-60B3C81D2989}.Release|Any CPU.Build.0 = Release|Any CPU
		{5D27B93F-CE8B-4A5F-8CC5-AF51F85D5149}.Debug|Any CPU.ActiveCfg = Debug|Any CPU
		{5D27B93F-CE8B-4A5F-8CC5-AF51F85D5149}.Debug|Any CPU.Build.0 = Debug|Any CPU
		{5D27B93F-CE8B-4A5F-8CC5-AF51F85D5149}.Release|Any CPU.ActiveCfg = Release|Any CPU
		{5D27B93F-CE8B-4A5F-8CC5-AF51F85D5149}.Release|Any CPU.Build.0 = Release|Any CPU
		{1E903A07-551A-4703-AECE-3C5E468DB91E}.Debug|Any CPU.ActiveCfg = Debug|Any CPU
		{1E903A07-551A-4703-AECE-3C5E468DB91E}.Debug|Any CPU.Build.0 = Debug|Any CPU
		{1E903A07-551A-4703-AECE-3C5E468DB91E}.Release|Any CPU.ActiveCfg = Release|Any CPU
		{1E903A07-551A-4703-AECE-3C5E468DB91E}.Release|Any CPU.Build.0 = Release|Any CPU
		{C73BF110-5103-4C73-BA92-9970A68FAF8A}.Debug|Any CPU.ActiveCfg = Debug|Any CPU
		{C73BF110-5103-4C73-BA92-9970A68FAF8A}.Debug|Any CPU.Build.0 = Debug|Any CPU
		{C73BF110-5103-4C73-BA92-9970A68FAF8A}.Release|Any CPU.ActiveCfg = Release|Any CPU
		{C73BF110-5103-4C73-BA92-9970A68FAF8A}.Release|Any CPU.Build.0 = Release|Any CPU
		{F4FFC496-9F99-4463-8E15-75AF007B881A}.Debug|Any CPU.ActiveCfg = Debug|Any CPU
		{F4FFC496-9F99-4463-8E15-75AF007B881A}.Debug|Any CPU.Build.0 = Debug|Any CPU
		{F4FFC496-9F99-4463-8E15-75AF007B881A}.Release|Any CPU.ActiveCfg = Release|Any CPU
		{F4FFC496-9F99-4463-8E15-75AF007B881A}.Release|Any CPU.Build.0 = Release|Any CPU
		{DFD66D18-AAF4-473C-86A9-63A4D0C74BF9}.Debug|Any CPU.ActiveCfg = Debug|Any CPU
		{DFD66D18-AAF4-473C-86A9-63A4D0C74BF9}.Debug|Any CPU.Build.0 = Debug|Any CPU
		{DFD66D18-AAF4-473C-86A9-63A4D0C74BF9}.Release|Any CPU.ActiveCfg = Release|Any CPU
		{DFD66D18-AAF4-473C-86A9-63A4D0C74BF9}.Release|Any CPU.Build.0 = Release|Any CPU
		{01A077CE-D1A7-4F03-9C8E-B73404F10745}.Debug|Any CPU.ActiveCfg = Debug|Any CPU
		{01A077CE-D1A7-4F03-9C8E-B73404F10745}.Debug|Any CPU.Build.0 = Debug|Any CPU
		{01A077CE-D1A7-4F03-9C8E-B73404F10745}.Release|Any CPU.ActiveCfg = Release|Any CPU
		{01A077CE-D1A7-4F03-9C8E-B73404F10745}.Release|Any CPU.Build.0 = Release|Any CPU
		{418CD793-1715-49EE-8AF4-C9458D4FB258}.Debug|Any CPU.ActiveCfg = Debug|Any CPU
		{418CD793-1715-49EE-8AF4-C9458D4FB258}.Debug|Any CPU.Build.0 = Debug|Any CPU
		{418CD793-1715-49EE-8AF4-C9458D4FB258}.Release|Any CPU.ActiveCfg = Release|Any CPU
		{418CD793-1715-49EE-8AF4-C9458D4FB258}.Release|Any CPU.Build.0 = Release|Any CPU
		{0FFA1EE1-B104-404E-A657-1D6BA5E293B0}.Debug|Any CPU.ActiveCfg = Debug|Any CPU
		{0FFA1EE1-B104-404E-A657-1D6BA5E293B0}.Debug|Any CPU.Build.0 = Debug|Any CPU
		{0FFA1EE1-B104-404E-A657-1D6BA5E293B0}.Release|Any CPU.ActiveCfg = Release|Any CPU
		{0FFA1EE1-B104-404E-A657-1D6BA5E293B0}.Release|Any CPU.Build.0 = Release|Any CPU
		{F25835E8-F7C2-4E03-8165-928FF036BFF5}.Debug|Any CPU.ActiveCfg = Debug|Any CPU
		{F25835E8-F7C2-4E03-8165-928FF036BFF5}.Debug|Any CPU.Build.0 = Debug|Any CPU
		{F25835E8-F7C2-4E03-8165-928FF036BFF5}.Release|Any CPU.ActiveCfg = Release|Any CPU
		{F25835E8-F7C2-4E03-8165-928FF036BFF5}.Release|Any CPU.Build.0 = Release|Any CPU
		{CC5FB050-134F-4E84-AEE2-4E752154A24B}.Debug|Any CPU.ActiveCfg = Debug|Any CPU
		{CC5FB050-134F-4E84-AEE2-4E752154A24B}.Debug|Any CPU.Build.0 = Debug|Any CPU
		{CC5FB050-134F-4E84-AEE2-4E752154A24B}.Release|Any CPU.ActiveCfg = Release|Any CPU
		{CC5FB050-134F-4E84-AEE2-4E752154A24B}.Release|Any CPU.Build.0 = Release|Any CPU
		{ED89725A-B590-493F-A1D9-C1DD107718FB}.Debug|Any CPU.ActiveCfg = Debug|Any CPU
		{ED89725A-B590-493F-A1D9-C1DD107718FB}.Debug|Any CPU.Build.0 = Debug|Any CPU
		{ED89725A-B590-493F-A1D9-C1DD107718FB}.Release|Any CPU.ActiveCfg = Release|Any CPU
		{ED89725A-B590-493F-A1D9-C1DD107718FB}.Release|Any CPU.Build.0 = Release|Any CPU
		{92D9CC72-24BE-49ED-A76B-CE2C78388B05}.Debug|Any CPU.ActiveCfg = Debug|Any CPU
		{92D9CC72-24BE-49ED-A76B-CE2C78388B05}.Debug|Any CPU.Build.0 = Debug|Any CPU
		{92D9CC72-24BE-49ED-A76B-CE2C78388B05}.Release|Any CPU.ActiveCfg = Release|Any CPU
		{92D9CC72-24BE-49ED-A76B-CE2C78388B05}.Release|Any CPU.Build.0 = Release|Any CPU
		{C5272E05-7EBC-49C0-8418-97A43BB28E4B}.Debug|Any CPU.ActiveCfg = Debug|Any CPU
		{C5272E05-7EBC-49C0-8418-97A43BB28E4B}.Debug|Any CPU.Build.0 = Debug|Any CPU
		{C5272E05-7EBC-49C0-8418-97A43BB28E4B}.Release|Any CPU.ActiveCfg = Release|Any CPU
		{C5272E05-7EBC-49C0-8418-97A43BB28E4B}.Release|Any CPU.Build.0 = Release|Any CPU
		{3B570F82-D36E-47C2-9849-C705913AA6F6}.Debug|Any CPU.ActiveCfg = Debug|Any CPU
		{3B570F82-D36E-47C2-9849-C705913AA6F6}.Debug|Any CPU.Build.0 = Debug|Any CPU
		{3B570F82-D36E-47C2-9849-C705913AA6F6}.Release|Any CPU.ActiveCfg = Release|Any CPU
		{3B570F82-D36E-47C2-9849-C705913AA6F6}.Release|Any CPU.Build.0 = Release|Any CPU
		{3CFAD21B-C561-4FBB-9952-381771F1AD15}.Debug|Any CPU.ActiveCfg = Debug|Any CPU
		{3CFAD21B-C561-4FBB-9952-381771F1AD15}.Debug|Any CPU.Build.0 = Debug|Any CPU
		{3CFAD21B-C561-4FBB-9952-381771F1AD15}.Release|Any CPU.ActiveCfg = Release|Any CPU
		{3CFAD21B-C561-4FBB-9952-381771F1AD15}.Release|Any CPU.Build.0 = Release|Any CPU
	EndGlobalSection
	GlobalSection(SolutionProperties) = preSolution
		HideSolutionNode = FALSE
	EndGlobalSection
	GlobalSection(ExtensibilityGlobals) = postSolution
		SolutionGuid = {48C99DD3-5B92-437F-8993-439B7477209B}
	EndGlobalSection
EndGlobal
